
Microsoft Visual Studio Solution File, Format Version 15.00
# Visual Studio 2017
Project("{FAE04EC0-301F-11D3-BF4B-00C04F79EFBC}") = "ZmopSharp", "src\ZmopSharp.csproj", "{57C814EC-2843-4414-9627-A42AA1D8E97D}"
EndProject
Global
	GlobalSection(SolutionConfigurationPlatforms) = preSolution
		Debug|Any CPU = Debug|Any CPU
		Release|Any CPU = Release|Any CPU
	EndGlobalSection
	GlobalSection(ProjectConfigurationPlatforms) = postSolution
		{57C814EC-2843-4414-9627-A42AA1D8E97D}.Debug|Any CPU.ActiveCfg = Debug|Any CPU
		{57C814EC-2843-4414-9627-A42AA1D8E97D}.Debug|Any CPU.Build.0 = Debug|Any CPU
		{57C814EC-2843-4414-9627-A42AA1D8E97D}.Release|Any CPU.ActiveCfg = Release|Any CPU
		{57C814EC-2843-4414-9627-A42AA1D8E97D}.Release|Any CPU.Build.0 = Release|Any CPU
	EndGlobalSection
EndGlobal
